
Microsoft Visual Studio Solution File, Format Version 12.00
Project("{2150E333-8FDC-42A3-9474-1A3956D46DE8}") = "Solution Items", "Solution Items", "{20B8F5B1-308B-4934-A0AD-28EB88DBDBBB}"
	ProjectSection(SolutionItems) = preProject
		README.md = README.md
	EndProjectSection
EndProject
Project("{FAE04EC0-301F-11D3-BF4B-00C04F79EFBC}") = "01_hangman", "01_hangman\01_hangman.csproj", "{A89FCC58-0C21-4026-8D6A-FA0B433B2E39}"
EndProject
Project("{FAE04EC0-301F-11D3-BF4B-00C04F79EFBC}") = "02_bridge", "02_bridge\02_bridge.csproj", "{F97C362D-0950-46B6-ACC4-4400D2E43C84}"
EndProject
Global
	GlobalSection(SolutionConfigurationPlatforms) = preSolution
		Debug|Any CPU = Debug|Any CPU
		Release|Any CPU = Release|Any CPU
	EndGlobalSection
	GlobalSection(ProjectConfigurationPlatforms) = postSolution
		{A89FCC58-0C21-4026-8D6A-FA0B433B2E39}.Debug|Any CPU.ActiveCfg = Debug|Any CPU
		{A89FCC58-0C21-4026-8D6A-FA0B433B2E39}.Debug|Any CPU.Build.0 = Debug|Any CPU
		{A89FCC58-0C21-4026-8D6A-FA0B433B2E39}.Release|Any CPU.ActiveCfg = Release|Any CPU
		{A89FCC58-0C21-4026-8D6A-FA0B433B2E39}.Release|Any CPU.Build.0 = Release|Any CPU
		{F97C362D-0950-46B6-ACC4-4400D2E43C84}.Debug|Any CPU.ActiveCfg = Debug|Any CPU
		{F97C362D-0950-46B6-ACC4-4400D2E43C84}.Debug|Any CPU.Build.0 = Debug|Any CPU
		{F97C362D-0950-46B6-ACC4-4400D2E43C84}.Release|Any CPU.ActiveCfg = Release|Any CPU
		{F97C362D-0950-46B6-ACC4-4400D2E43C84}.Release|Any CPU.Build.0 = Release|Any CPU
	EndGlobalSection
EndGlobal
